# This file is automatically @generated by Cargo.
# It is not intended for manual editing.
version = 3

[[package]]
name = "couch-lang-evaluator"
version = "0.1.1"
dependencies = [
 "couch-lang-parser",
]

[[package]]
name = "couch-lang-lexer"
version = "0.1.1"

[[package]]
name = "couch-lang-parser"
version = "0.1.1"
dependencies = [
 "couch-lang-lexer",
]

[[package]]
name = "couch-lang-repl"
version = "0.1.2"
dependencies = [
 "couch-lang-evaluator",
 "couch-lang-lexer",
 "couch-lang-parser",
]
